
Microsoft Visual Studio Solution File, Format Version 12.00
# Visual Studio Version 16
VisualStudioVersion = 16.0.31019.35
MinimumVisualStudioVersion = 10.0.40219.1
Project("{FAE04EC0-301F-11D3-BF4B-00C04F79EFBC}") = "DurakPlayground", "DurakPlayground\DurakPlayground.csproj", "{0E895AA4-93B9-41EE-82E0-9B99EEA8FF97}"
EndProject
Global
	GlobalSection(SolutionConfigurationPlatforms) = preSolution
		Debug|Any CPU = Debug|Any CPU
		Release|Any CPU = Release|Any CPU
	EndGlobalSection
	GlobalSection(ProjectConfigurationPlatforms) = postSolution
		{0E895AA4-93B9-41EE-82E0-9B99EEA8FF97}.Debug|Any CPU.ActiveCfg = Debug|Any CPU
		{0E895AA4-93B9-41EE-82E0-9B99EEA8FF97}.Debug|Any CPU.Build.0 = Debug|Any CPU
		{0E895AA4-93B9-41EE-82E0-9B99EEA8FF97}.Release|Any CPU.ActiveCfg = Release|Any CPU
		{0E895AA4-93B9-41EE-82E0-9B99EEA8FF97}.Release|Any CPU.Build.0 = Release|Any CPU
	EndGlobalSection
	GlobalSection(SolutionProperties) = preSolution
		HideSolutionNode = FALSE
	EndGlobalSection
	GlobalSection(ExtensibilityGlobals) = postSolution
		SolutionGuid = {14A42B13-3D96-4962-AB74-A55E1947FF07}
	EndGlobalSection
EndGlobal
